
Microsoft Visual Studio Solution File, Format Version 12.00
Project("{FAE04EC0-301F-11D3-BF4B-00C04F79EFBC}") = "WebApp", "WebApp\WebApp.csproj", "{4146C1EC-F6E9-422C-9B1F-9DD5EAE8FB4B}"
EndProject
Project("{2150E333-8FDC-42A3-9474-1A3956D46DE8}") = "DOMAIN", "DOMAIN", "{7FD23088-52E7-42C9-B186-41B09FE4D8D9}"
EndProject
Project("{FAE04EC0-301F-11D3-BF4B-00C04F79EFBC}") = "Domain.App", "Domain.App\Domain.App.csproj", "{AD04D084-5391-45CA-8261-C43CF85B4E7F}"
EndProject
Project("{2150E333-8FDC-42A3-9474-1A3956D46DE8}") = "DAL", "DAL", "{10494D1F-EA7A-481D-AFF6-B20235838D1B}"
EndProject
Project("{2150E333-8FDC-42A3-9474-1A3956D46DE8}") = "BLL", "BLL", "{96443818-7B1A-402A-9A2D-B7BF0B2974B1}"
EndProject
Project("{FAE04EC0-301F-11D3-BF4B-00C04F79EFBC}") = "DAL.App.DTO", "DAL.App.DTO\DAL.App.DTO.csproj", "{A91BB523-22F3-4AD5-985E-D1D2971EE21F}"
EndProject
Project("{FAE04EC0-301F-11D3-BF4B-00C04F79EFBC}") = "Contracts.DAL.App", "Contracts.DAL.App\Contracts.DAL.App.csproj", "{E8303AA0-6801-4B23-95D5-C08653AE44A9}"
EndProject
Project("{FAE04EC0-301F-11D3-BF4B-00C04F79EFBC}") = "DAL.App.EF", "DAL.App.EF\DAL.App.EF.csproj", "{2274994C-A397-407C-B785-377DAECFE04A}"
EndProject
Project("{FAE04EC0-301F-11D3-BF4B-00C04F79EFBC}") = "BLL.App.DTO", "BLL.App.DTO\BLL.App.DTO.csproj", "{8D4511E4-47B3-48C0-A668-1D5E511AEFC4}"
EndProject
Project("{FAE04EC0-301F-11D3-BF4B-00C04F79EFBC}") = "Contracts.BLL.App", "Contracts.BLL.App\Contracts.BLL.App.csproj", "{E699613E-F294-4966-8C87-FBAF2FD81580}"
EndProject
Project("{FAE04EC0-301F-11D3-BF4B-00C04F79EFBC}") = "BLL.App", "BLL.App\BLL.App.csproj", "{52249220-A3D5-485E-BA72-A6F1174685EB}"
EndProject
Project("{FAE04EC0-301F-11D3-BF4B-00C04F79EFBC}") = "DAL.App.HttpClient", "DAL.App.HttpClient\DAL.App.HttpClient.csproj", "{605EE306-06F6-4524-A290-8D208D2E4753}"
EndProject
Project("{FAE04EC0-301F-11D3-BF4B-00C04F79EFBC}") = "Contracts.DAL.Base", "Contracts.DAL.Base\Contracts.DAL.Base.csproj", "{5D93BF39-1A81-461D-BFB2-2B36E03B279B}"
EndProject
Project("{FAE04EC0-301F-11D3-BF4B-00C04F79EFBC}") = "DAL.Base", "DAL.Base\DAL.Base.csproj", "{23C61E9C-940A-4A76-8567-B1FD90D9A7DA}"
EndProject
Project("{FAE04EC0-301F-11D3-BF4B-00C04F79EFBC}") = "Contracts.Domain", "Contracts.Domain\Contracts.Domain.csproj", "{762ABCA9-8583-4FA5-A373-961065553E62}"
EndProject
Project("{FAE04EC0-301F-11D3-BF4B-00C04F79EFBC}") = "Domain.Base", "Domain.Base\Domain.Base.csproj", "{3E2CA40A-C993-4324-AE2E-B873FD2AE52E}"
EndProject
Project("{FAE04EC0-301F-11D3-BF4B-00C04F79EFBC}") = "DAL.Base.EF", "DAL.Base.EF\DAL.Base.EF.csproj", "{2E8063CB-6FFD-407C-BF5E-A87F927E341A}"
EndProject
Project("{FAE04EC0-301F-11D3-BF4B-00C04F79EFBC}") = "Contracts.BLL.Base", "Contracts.BLL.Base\Contracts.BLL.Base.csproj", "{0F38CA70-B406-4F54-93E8-226D475DDEC6}"
EndProject
Project("{FAE04EC0-301F-11D3-BF4B-00C04F79EFBC}") = "BLL.Base", "BLL.Base\BLL.Base.csproj", "{7357D89A-2055-4FF5-97D5-8A00C897B72F}"
EndProject
Project("{2150E333-8FDC-42A3-9474-1A3956D46DE8}") = "_Solution Items", "_Solution Items", "{3E3BC4A3-265C-4EB5-96E5-017DC168E6EE}"
ProjectSection(SolutionItems) = preProject
	.dockerignore = .dockerignore
	Dockerfile = Dockerfile
	Directory.Build.props = Directory.Build.props
	README.md = README.md
	.gitignore = .gitignore
EndProjectSection
EndProject
Project("{FAE04EC0-301F-11D3-BF4B-00C04F79EFBC}") = "DAL.Base.HttpClient", "DAL.Base.HttpClient\DAL.Base.HttpClient.csproj", "{23FE345C-0DC7-494C-AC6B-0E20E2958A69}"
EndProject
Global
	GlobalSection(SolutionConfigurationPlatforms) = preSolution
		Debug|Any CPU = Debug|Any CPU
		Release|Any CPU = Release|Any CPU
	EndGlobalSection
	GlobalSection(ProjectConfigurationPlatforms) = postSolution
		{4146C1EC-F6E9-422C-9B1F-9DD5EAE8FB4B}.Debug|Any CPU.ActiveCfg = Debug|Any CPU
		{4146C1EC-F6E9-422C-9B1F-9DD5EAE8FB4B}.Debug|Any CPU.Build.0 = Debug|Any CPU
		{4146C1EC-F6E9-422C-9B1F-9DD5EAE8FB4B}.Release|Any CPU.ActiveCfg = Release|Any CPU
		{4146C1EC-F6E9-422C-9B1F-9DD5EAE8FB4B}.Release|Any CPU.Build.0 = Release|Any CPU
		{AD04D084-5391-45CA-8261-C43CF85B4E7F}.Debug|Any CPU.ActiveCfg = Debug|Any CPU
		{AD04D084-5391-45CA-8261-C43CF85B4E7F}.Debug|Any CPU.Build.0 = Debug|Any CPU
		{AD04D084-5391-45CA-8261-C43CF85B4E7F}.Release|Any CPU.ActiveCfg = Release|Any CPU
		{AD04D084-5391-45CA-8261-C43CF85B4E7F}.Release|Any CPU.Build.0 = Release|Any CPU
		{A91BB523-22F3-4AD5-985E-D1D2971EE21F}.Debug|Any CPU.ActiveCfg = Debug|Any CPU
		{A91BB523-22F3-4AD5-985E-D1D2971EE21F}.Debug|Any CPU.Build.0 = Debug|Any CPU
		{A91BB523-22F3-4AD5-985E-D1D2971EE21F}.Release|Any CPU.ActiveCfg = Release|Any CPU
		{A91BB523-22F3-4AD5-985E-D1D2971EE21F}.Release|Any CPU.Build.0 = Release|Any CPU
		{E8303AA0-6801-4B23-95D5-C08653AE44A9}.Debug|Any CPU.ActiveCfg = Debug|Any CPU
		{E8303AA0-6801-4B23-95D5-C08653AE44A9}.Debug|Any CPU.Build.0 = Debug|Any CPU
		{E8303AA0-6801-4B23-95D5-C08653AE44A9}.Release|Any CPU.ActiveCfg = Release|Any CPU
		{E8303AA0-6801-4B23-95D5-C08653AE44A9}.Release|Any CPU.Build.0 = Release|Any CPU
		{2274994C-A397-407C-B785-377DAECFE04A}.Debug|Any CPU.ActiveCfg = Debug|Any CPU
		{2274994C-A397-407C-B785-377DAECFE04A}.Debug|Any CPU.Build.0 = Debug|Any CPU
		{2274994C-A397-407C-B785-377DAECFE04A}.Release|Any CPU.ActiveCfg = Release|Any CPU
		{2274994C-A397-407C-B785-377DAECFE04A}.Release|Any CPU.Build.0 = Release|Any CPU
		{8D4511E4-47B3-48C0-A668-1D5E511AEFC4}.Debug|Any CPU.ActiveCfg = Debug|Any CPU
		{8D4511E4-47B3-48C0-A668-1D5E511AEFC4}.Debug|Any CPU.Build.0 = Debug|Any CPU
		{8D4511E4-47B3-48C0-A668-1D5E511AEFC4}.Release|Any CPU.ActiveCfg = Release|Any CPU
		{8D4511E4-47B3-48C0-A668-1D5E511AEFC4}.Release|Any CPU.Build.0 = Release|Any CPU
		{E699613E-F294-4966-8C87-FBAF2FD81580}.Debug|Any CPU.ActiveCfg = Debug|Any CPU
		{E699613E-F294-4966-8C87-FBAF2FD81580}.Debug|Any CPU.Build.0 = Debug|Any CPU
		{E699613E-F294-4966-8C87-FBAF2FD81580}.Release|Any CPU.ActiveCfg = Release|Any CPU
		{E699613E-F294-4966-8C87-FBAF2FD81580}.Release|Any CPU.Build.0 = Release|Any CPU
		{52249220-A3D5-485E-BA72-A6F1174685EB}.Debug|Any CPU.ActiveCfg = Debug|Any CPU
		{52249220-A3D5-485E-BA72-A6F1174685EB}.Debug|Any CPU.Build.0 = Debug|Any CPU
		{52249220-A3D5-485E-BA72-A6F1174685EB}.Release|Any CPU.ActiveCfg = Release|Any CPU
		{52249220-A3D5-485E-BA72-A6F1174685EB}.Release|Any CPU.Build.0 = Release|Any CPU
		{605EE306-06F6-4524-A290-8D208D2E4753}.Debug|Any CPU.ActiveCfg = Debug|Any CPU
		{605EE306-06F6-4524-A290-8D208D2E4753}.Debug|Any CPU.Build.0 = Debug|Any CPU
		{605EE306-06F6-4524-A290-8D208D2E4753}.Release|Any CPU.ActiveCfg = Release|Any CPU
		{605EE306-06F6-4524-A290-8D208D2E4753}.Release|Any CPU.Build.0 = Release|Any CPU
		{5D93BF39-1A81-461D-BFB2-2B36E03B279B}.Debug|Any CPU.ActiveCfg = Debug|Any CPU
		{5D93BF39-1A81-461D-BFB2-2B36E03B279B}.Debug|Any CPU.Build.0 = Debug|Any CPU
		{5D93BF39-1A81-461D-BFB2-2B36E03B279B}.Release|Any CPU.ActiveCfg = Release|Any CPU
		{5D93BF39-1A81-461D-BFB2-2B36E03B279B}.Release|Any CPU.Build.0 = Release|Any CPU
		{23C61E9C-940A-4A76-8567-B1FD90D9A7DA}.Debug|Any CPU.ActiveCfg = Debug|Any CPU
		{23C61E9C-940A-4A76-8567-B1FD90D9A7DA}.Debug|Any CPU.Build.0 = Debug|Any CPU
		{23C61E9C-940A-4A76-8567-B1FD90D9A7DA}.Release|Any CPU.ActiveCfg = Release|Any CPU
		{23C61E9C-940A-4A76-8567-B1FD90D9A7DA}.Release|Any CPU.Build.0 = Release|Any CPU
		{762ABCA9-8583-4FA5-A373-961065553E62}.Debug|Any CPU.ActiveCfg = Debug|Any CPU
		{762ABCA9-8583-4FA5-A373-961065553E62}.Debug|Any CPU.Build.0 = Debug|Any CPU
		{762ABCA9-8583-4FA5-A373-961065553E62}.Release|Any CPU.ActiveCfg = Release|Any CPU
		{762ABCA9-8583-4FA5-A373-961065553E62}.Release|Any CPU.Build.0 = Release|Any CPU
		{3E2CA40A-C993-4324-AE2E-B873FD2AE52E}.Debug|Any CPU.ActiveCfg = Debug|Any CPU
		{3E2CA40A-C993-4324-AE2E-B873FD2AE52E}.Debug|Any CPU.Build.0 = Debug|Any CPU
		{3E2CA40A-C993-4324-AE2E-B873FD2AE52E}.Release|Any CPU.ActiveCfg = Release|Any CPU
		{3E2CA40A-C993-4324-AE2E-B873FD2AE52E}.Release|Any CPU.Build.0 = Release|Any CPU
		{2E8063CB-6FFD-407C-BF5E-A87F927E341A}.Debug|Any CPU.ActiveCfg = Debug|Any CPU
		{2E8063CB-6FFD-407C-BF5E-A87F927E341A}.Debug|Any CPU.Build.0 = Debug|Any CPU
		{2E8063CB-6FFD-407C-BF5E-A87F927E341A}.Release|Any CPU.ActiveCfg = Release|Any CPU
		{2E8063CB-6FFD-407C-BF5E-A87F927E341A}.Release|Any CPU.Build.0 = Release|Any CPU
		{0F38CA70-B406-4F54-93E8-226D475DDEC6}.Debug|Any CPU.ActiveCfg = Debug|Any CPU
		{0F38CA70-B406-4F54-93E8-226D475DDEC6}.Debug|Any CPU.Build.0 = Debug|Any CPU
		{0F38CA70-B406-4F54-93E8-226D475DDEC6}.Release|Any CPU.ActiveCfg = Release|Any CPU
		{0F38CA70-B406-4F54-93E8-226D475DDEC6}.Release|Any CPU.Build.0 = Release|Any CPU
		{7357D89A-2055-4FF5-97D5-8A00C897B72F}.Debug|Any CPU.ActiveCfg = Debug|Any CPU
		{7357D89A-2055-4FF5-97D5-8A00C897B72F}.Debug|Any CPU.Build.0 = Debug|Any CPU
		{7357D89A-2055-4FF5-97D5-8A00C897B72F}.Release|Any CPU.ActiveCfg = Release|Any CPU
		{7357D89A-2055-4FF5-97D5-8A00C897B72F}.Release|Any CPU.Build.0 = Release|Any CPU
		{23FE345C-0DC7-494C-AC6B-0E20E2958A69}.Debug|Any CPU.ActiveCfg = Debug|Any CPU
		{23FE345C-0DC7-494C-AC6B-0E20E2958A69}.Debug|Any CPU.Build.0 = Debug|Any CPU
		{23FE345C-0DC7-494C-AC6B-0E20E2958A69}.Release|Any CPU.ActiveCfg = Release|Any CPU
		{23FE345C-0DC7-494C-AC6B-0E20E2958A69}.Release|Any CPU.Build.0 = Release|Any CPU
	EndGlobalSection
	GlobalSection(NestedProjects) = preSolution
		{AD04D084-5391-45CA-8261-C43CF85B4E7F} = {7FD23088-52E7-42C9-B186-41B09FE4D8D9}
		{A91BB523-22F3-4AD5-985E-D1D2971EE21F} = {10494D1F-EA7A-481D-AFF6-B20235838D1B}
		{E8303AA0-6801-4B23-95D5-C08653AE44A9} = {10494D1F-EA7A-481D-AFF6-B20235838D1B}
		{2274994C-A397-407C-B785-377DAECFE04A} = {10494D1F-EA7A-481D-AFF6-B20235838D1B}
		{8D4511E4-47B3-48C0-A668-1D5E511AEFC4} = {96443818-7B1A-402A-9A2D-B7BF0B2974B1}
		{E699613E-F294-4966-8C87-FBAF2FD81580} = {96443818-7B1A-402A-9A2D-B7BF0B2974B1}
		{52249220-A3D5-485E-BA72-A6F1174685EB} = {96443818-7B1A-402A-9A2D-B7BF0B2974B1}
		{605EE306-06F6-4524-A290-8D208D2E4753} = {10494D1F-EA7A-481D-AFF6-B20235838D1B}
		{5D93BF39-1A81-461D-BFB2-2B36E03B279B} = {10494D1F-EA7A-481D-AFF6-B20235838D1B}
		{23C61E9C-940A-4A76-8567-B1FD90D9A7DA} = {10494D1F-EA7A-481D-AFF6-B20235838D1B}
		{762ABCA9-8583-4FA5-A373-961065553E62} = {7FD23088-52E7-42C9-B186-41B09FE4D8D9}
		{3E2CA40A-C993-4324-AE2E-B873FD2AE52E} = {7FD23088-52E7-42C9-B186-41B09FE4D8D9}
		{2E8063CB-6FFD-407C-BF5E-A87F927E341A} = {10494D1F-EA7A-481D-AFF6-B20235838D1B}
		{0F38CA70-B406-4F54-93E8-226D475DDEC6} = {96443818-7B1A-402A-9A2D-B7BF0B2974B1}
		{7357D89A-2055-4FF5-97D5-8A00C897B72F} = {96443818-7B1A-402A-9A2D-B7BF0B2974B1}
		{23FE345C-0DC7-494C-AC6B-0E20E2958A69} = {10494D1F-EA7A-481D-AFF6-B20235838D1B}
	EndGlobalSection
EndGlobal
